{
  "name": "gh-polyglot",
  "version": "2.3.2",
  "lockfileVersion": 1,
  "requires": true,
  "dependencies": {
    "abs": {
      "version": "1.3.10",
      "resolved": "https://registry.npmjs.org/abs/-/abs-1.3.10.tgz",
      "integrity": "sha1-napqQ1AQAfN/8VoexIIKRklW/8M=",
      "requires": {
        "ul": "^5.0.0"
      }
    },
    "add-subtract-date": {
      "version": "1.0.11",
      "resolved": "https://registry.npmjs.org/add-subtract-date/-/add-subtract-date-1.0.11.tgz",
      "integrity": "sha1-l9aY3Wt2XGXv/Uev5eY1B17hK3o="
    },
    "ansi-parser": {
      "version": "3.2.8",
      "resolved": "https://registry.npmjs.org/ansi-parser/-/ansi-parser-3.2.8.tgz",
      "integrity": "sha1-rYCmNRrF5YzH6Kdhq8A3tVBQQdA="
    },
    "ansi-styles": {
      "version": "3.2.0",
      "resolved": "https://registry.npmjs.org/ansi-styles/-/ansi-styles-3.2.0.tgz",
      "integrity": "sha512-NnSOmMEYtVR2JVMIGTzynRkkaxtiq1xnFBcdQD/DnNCYPoEPsVJhM98BDyaoNOQIi7p4okdi3E27eN7GQbsUug==",
      "requires": {
        "color-convert": "^1.9.0"
      }
    },
    "ansy": {
      "version": "1.0.11",
      "resolved": "https://registry.npmjs.org/ansy/-/ansy-1.0.11.tgz",
      "integrity": "sha1-IGb86gqDLaVGEQ2RrZ9Hx+zCcdQ=",
      "requires": {
        "ansi-styles": "^3.0.0",
        "custom-return": "^1.0.0",
        "supports-color": "^3.1.2",
        "ul": "^5.2.1"
      }
    },
    "argparse": {
      "version": "1.0.9",
      "resolved": "https://registry.npmjs.org/argparse/-/argparse-1.0.9.tgz",
      "integrity": "sha1-c9g7wmP4bpf4zE9rrhsOkKfSLIY=",
      "requires": {
        "sprintf-js": "~1.0.2"
      }
    },
    "assured": {
      "version": "1.0.10",
      "resolved": "https://registry.npmjs.org/assured/-/assured-1.0.10.tgz",
      "integrity": "sha1-DsztGpHkZIKij7e5MbPGwU5CEYs=",
      "requires": {
        "noop6": "^1.0.1",
        "sliced": "^1.0.1"
      }
    },
    "bug-killer": {
      "version": "4.4.4",
      "resolved": "https://registry.npmjs.org/bug-killer/-/bug-killer-4.4.4.tgz",
      "integrity": "sha1-luAyK5Q3orBnLXiqzR7SvvEflFo=",
      "requires": {
        "ansi-parser": "^3.2.5",
        "couleurs": "^6.0.6",
        "daty": "^1.0.7",
        "deffy": "^2.2.2",
        "typpy": "^2.3.6"
      },
      "dependencies": {
        "couleurs": {
          "version": "6.0.9",
          "resolved": "https://registry.npmjs.org/couleurs/-/couleurs-6.0.9.tgz",
          "integrity": "sha1-srKj7jfa5Rh1ye/SQ+x+eJSvvJ4=",
          "requires": {
            "ansy": "^1.0.0",
            "color-convert": "^1.0.0",
            "iterate-object": "^1.3.1",
            "typpy": "^2.3.1"
          }
        },
        "deffy": {
          "version": "2.2.2",
          "resolved": "https://registry.npmjs.org/deffy/-/deffy-2.2.2.tgz",
          "integrity": "sha1-CI9AkTy0cHhlP6b2l8IG4DRx1SM=",
          "requires": {
            "typpy": "^2.0.0"
          }
        }
      }
    },
    "class-methods": {
      "version": "1.0.8",
      "resolved": "https://registry.npmjs.org/class-methods/-/class-methods-1.0.8.tgz",
      "integrity": "sha1-86ku5JVfakwrAsUOjEEqLLKlkHs=",
      "requires": {
        "exclude-arr": "^1.0.0",
        "static-methods": "^1.0.0",
        "ul": "^5.2.1"
      }
    },
    "cli-box": {
      "version": "5.0.0",
      "resolved": "https://registry.npmjs.org/cli-box/-/cli-box-5.0.0.tgz",
      "integrity": "sha1-hw6oqnfnwlF5QWzsz+XtBpCARgI=",
      "requires": {
        "ansi-parser": "3.0.0",
        "ul": "5.0.0"
      },
      "dependencies": {
        "ansi-parser": {
          "version": "3.0.0",
          "resolved": "https://registry.npmjs.org/ansi-parser/-/ansi-parser-3.0.0.tgz",
          "integrity": "sha1-lFwOcjLK9WdSFzdbPriJIAjBRik="
        },
        "typpy": {
          "version": "2.0.0",
          "resolved": "https://registry.npmjs.org/typpy/-/typpy-2.0.0.tgz",
          "integrity": "sha1-re87rMEv9Hr/kg+rA6j/MnnXN9Y="
        },
        "ul": {
          "version": "5.0.0",
          "resolved": "https://registry.npmjs.org/ul/-/ul-5.0.0.tgz",
          "integrity": "sha1-yoDXkwJfP9Xcm/g0aYGNMQp8mmI=",
          "requires": {
            "deffy": "2.0.0",
            "typpy": "2.0.0"
          }
        }
      }
    },
    "cli-circle": {
      "version": "3.2.9",
      "resolved": "https://registry.npmjs.org/cli-circle/-/cli-circle-3.2.9.tgz",
      "integrity": "sha1-BkEvRpIuZuGJdmnfuEDkzAwcYFg=",
      "requires": {
        "cli-graph": "^3.0.0",
        "typpy": "^2.3.3",
        "ul": "^5.0.0"
      }
    },
    "cli-graph": {
      "version": "3.2.2",
      "resolved": "https://registry.npmjs.org/cli-graph/-/cli-graph-3.2.2.tgz",
      "integrity": "sha1-1oEKJjqxCXG+aIJ59n+smPjfdDo=",
      "requires": {
        "ul": "5.0.0"
      },
      "dependencies": {
        "typpy": {
          "version": "2.0.0",
          "resolved": "https://registry.npmjs.org/typpy/-/typpy-2.0.0.tgz",
          "integrity": "sha1-re87rMEv9Hr/kg+rA6j/MnnXN9Y="
        },
        "ul": {
          "version": "5.0.0",
          "resolved": "https://registry.npmjs.org/ul/-/ul-5.0.0.tgz",
          "integrity": "sha1-yoDXkwJfP9Xcm/g0aYGNMQp8mmI=",
          "requires": {
            "deffy": "2.0.0",
            "typpy": "2.0.0"
          }
        }
      }
    },
    "cli-pie": {
      "version": "2.3.3",
      "resolved": "https://registry.npmjs.org/cli-pie/-/cli-pie-2.3.3.tgz",
      "integrity": "sha1-voZ3W2ypRGNrBf6trEFUzj5Asgg=",
      "requires": {
        "cli-circle": "^3.0.0",
        "couleurs": "^5.0.0",
        "flatcolors": "^3.0.0",
        "ul": "^5.0.0"
      }
    },
    "clp": {
      "version": "3.2.1",
      "resolved": "https://registry.npmjs.org/clp/-/clp-3.2.1.tgz",
      "integrity": "sha1-rx7WbbiVpcnOm20y6cM97gKz7fI=",
      "requires": {
        "ansi-parser": "2.0.0",
        "le-table": "4.0.0",
        "ul": "5.0.0"
      },
      "dependencies": {
        "ansi-parser": {
          "version": "2.0.0",
          "resolved": "https://registry.npmjs.org/ansi-parser/-/ansi-parser-2.0.0.tgz",
          "integrity": "sha1-QzSYrzL+6MKh3yxOR5QbwCm89Ac="
        },
        "typpy": {
          "version": "2.0.0",
          "resolved": "https://registry.npmjs.org/typpy/-/typpy-2.0.0.tgz",
          "integrity": "sha1-re87rMEv9Hr/kg+rA6j/MnnXN9Y="
        },
        "ul": {
          "version": "5.0.0",
          "resolved": "https://registry.npmjs.org/ul/-/ul-5.0.0.tgz",
          "integrity": "sha1-yoDXkwJfP9Xcm/g0aYGNMQp8mmI=",
          "requires": {
            "deffy": "2.0.0",
            "typpy": "2.0.0"
          }
        }
      }
    },
    "color-convert": {
      "version": "1.9.0",
      "resolved": "https://registry.npmjs.org/color-convert/-/color-convert-1.9.0.tgz",
      "integrity": "sha1-Gsz5fdc5uYO/mU1W/sj5WFNkG3o=",
      "requires": {
        "color-name": "^1.1.1"
      }
    },
    "color-name": {
      "version": "1.1.3",
      "resolved": "https://registry.npmjs.org/color-name/-/color-name-1.1.3.tgz",
      "integrity": "sha1-p9BVi9icQveV3UIyj3QIMcpTvCU="
    },
    "couleurs": {
      "version": "5.2.1",
      "resolved": "https://registry.npmjs.org/couleurs/-/couleurs-5.2.1.tgz",
      "integrity": "sha1-U5n596FZhS7BQkT4Qb2FjwTcUqM=",
      "requires": {
        "flat-colors": "3.0.0",
        "typpy": "2.0.0",
        "x256": "0.0.2"
      },
      "dependencies": {
        "typpy": {
          "version": "2.0.0",
          "resolved": "https://registry.npmjs.org/typpy/-/typpy-2.0.0.tgz",
          "integrity": "sha1-re87rMEv9Hr/kg+rA6j/MnnXN9Y="
        }
      }
    },
    "custom-return": {
      "version": "1.0.8",
      "resolved": "https://registry.npmjs.org/custom-return/-/custom-return-1.0.8.tgz",
      "integrity": "sha1-6Rzoi0aItls//usf2WE7kjhDe+I=",
      "requires": {
        "noop6": "^1.0.0"
      }
    },
    "date-unit-ms": {
      "version": "1.1.10",
      "resolved": "https://registry.npmjs.org/date-unit-ms/-/date-unit-ms-1.1.10.tgz",
      "integrity": "sha1-RslbySXeyZ1g16IUTWq/St4HUcA="
    },
    "daty": {
      "version": "1.1.2",
      "resolved": "https://registry.npmjs.org/daty/-/daty-1.1.2.tgz",
      "integrity": "sha1-zTvnp6BhgfXfEFNWlAuUgcYhnGU=",
      "requires": {
        "add-subtract-date": "^1.0.0",
        "class-methods": "^1.0.4",
        "date-unit-ms": "^1.1.0",
        "diff-dates": "^1.0.0",
        "formatoid": "^1.0.0"
      }
    },
    "days": {
      "version": "1.1.1",
      "resolved": "https://registry.npmjs.org/days/-/days-1.1.1.tgz",
      "integrity": "sha512-vzeIwVsEIyA35GH4+mPd4hjVDNI87wYANyZFs0BHjBr5kIBH5zEl7LfD6Wr4SFZca4D3CU9IH1w4DuZLlXzKRw=="
    },
    "debug": {
      "version": "2.6.9",
      "resolved": "https://registry.npmjs.org/debug/-/debug-2.6.9.tgz",
      "integrity": "sha512-bC7ElrdJaJnPbAP+1EotYvqZsb3ecl5wi6Bfi6BJTUcNowp6cvspg0jXznRTKDjm/E7AdgFBVeAPVMNcKGsHMA==",
      "requires": {
        "ms": "2.0.0"
      }
    },
    "deffy": {
      "version": "2.0.0",
      "resolved": "https://registry.npmjs.org/deffy/-/deffy-2.0.0.tgz",
      "integrity": "sha1-+C4I7qUYxKCjCx8D7FBNJIryiTI=",
      "requires": {
        "typpy": "^2.0.0"
      }
    },
    "diff-dates": {
      "version": "1.0.9",
      "resolved": "https://registry.npmjs.org/diff-dates/-/diff-dates-1.0.9.tgz",
      "integrity": "sha1-E+zph1iOv8LkhZdTfk5SKOKdc3s=",
      "requires": {
        "date-unit-ms": "^1.1.0"
      }
    },
    "esprima": {
      "version": "4.0.0",
      "resolved": "https://registry.npmjs.org/esprima/-/esprima-4.0.0.tgz",
      "integrity": "sha512-oftTcaMu/EGrEIu904mWteKIv8vMuOgGYo7EhVJJN00R/EED9DCua/xxHRdYnKtcECzVg7xOWhflvJMnqcFZjw=="
    },
    "exclude-arr": {
      "version": "1.0.7",
      "resolved": "https://registry.npmjs.org/exclude-arr/-/exclude-arr-1.0.7.tgz",
      "integrity": "sha1-0OkldekOuc191xxgEmdvMzk/Hc4="
    },
    "fillo": {
      "version": "1.0.9",
      "resolved": "https://registry.npmjs.org/fillo/-/fillo-1.0.9.tgz",
      "integrity": "sha1-DaOX9xGfca8OR3FuBnpbdkmOXKg="
    },
    "flat-colors": {
      "version": "3.0.0",
      "resolved": "https://registry.npmjs.org/flat-colors/-/flat-colors-3.0.0.tgz",
      "integrity": "sha1-JTqxojmJwyHxOwrNS/c//0By7Lc="
    },
    "flatcolors": {
      "version": "3.0.0",
      "resolved": "https://registry.npmjs.org/flatcolors/-/flatcolors-3.0.0.tgz",
      "integrity": "sha1-Q5MoO3M1qJsuTUcKqWb4zYofqz0="
    },
    "follow-redirects": {
      "version": "0.2.0",
      "resolved": "https://registry.npmjs.org/follow-redirects/-/follow-redirects-0.2.0.tgz",
      "integrity": "sha1-4CKdejiLtf97KfRPweG2LpISct8=",
      "requires": {
        "debug": "^2.2.0",
        "stream-consume": "^0.1.0"
      }
    },
    "formatoid": {
      "version": "1.2.1",
      "resolved": "https://registry.npmjs.org/formatoid/-/formatoid-1.2.1.tgz",
      "integrity": "sha1-ydUfIOfiX7+ZhH6th9uHnRdPy9o=",
      "requires": {
        "days": "^1.0.1",
        "fillo": "^1.0.0",
        "months": "^1.0.0",
        "parse-it": "^1.0.0"
      }
    },
    "function.name": {
      "version": "1.0.9",
      "resolved": "https://registry.npmjs.org/function.name/-/function.name-1.0.9.tgz",
      "integrity": "sha1-kcRcj5HyACvGgIbGc4crYH3Yc8M=",
      "requires": {
        "noop6": "^1.0.1"
      }
    },
    "gh.js": {
      "version": "2.4.1",
      "resolved": "https://registry.npmjs.org/gh.js/-/gh.js-2.4.1.tgz",
      "integrity": "sha1-5bjYIrf+x426ZLguRGwCFFGkECQ=",
      "requires": {
        "jsonrequest": "^3.0.1",
        "lien": "^0.0.12",
        "ul": "^5.0.0"
      }
    },
    "github-colors": {
      "version": "2.2.15",
      "resolved": "https://registry.npmjs.org/github-colors/-/github-colors-2.2.15.tgz",
      "integrity": "sha1-+bTLMHhecX63Dq0QMpqH2EQZLcY=",
      "requires": {
        "bug-killer": "^4.0.0",
        "js-yaml": "^3.6.1",
        "streamp": "^2.0.0",
        "tinyreq": "^3.1.3",
        "ul": "^5.0.0"
      },
      "dependencies": {
        "tinyreq": {
          "version": "3.3.0",
          "resolved": "https://registry.npmjs.org/tinyreq/-/tinyreq-3.3.0.tgz",
          "integrity": "sha512-9c5bBI5kWbaOHbRzexyaXeFaRRUrusWcTDhgxd75/NuRXvsAhEO9K9SNsqV4etQUHXbPnctYXTdgdVOZvZ2qDg==",
          "requires": {
            "assured": "^1.0.6",
            "follow-redirects": "^0.2.0",
            "noop6": "^1.0.6",
            "ul": "^5.0.0"
          }
        }
      }
    },
    "has-flag": {
      "version": "1.0.0",
      "resolved": "https://registry.npmjs.org/has-flag/-/has-flag-1.0.0.tgz",
      "integrity": "sha1-nZ55MWXOAXoA8AQYxD+UKnsdEfo="
    },
    "iterate-object": {
      "version": "1.3.2",
      "resolved": "https://registry.npmjs.org/iterate-object/-/iterate-object-1.3.2.tgz",
      "integrity": "sha1-JOwVr/pdADnog5aVohwsrh9Ftms="
    },
    "js-yaml": {
      "version": "3.10.0",
      "resolved": "https://registry.npmjs.org/js-yaml/-/js-yaml-3.10.0.tgz",
      "integrity": "sha512-O2v52ffjLa9VeM43J4XocZE//WT9N0IiwDa3KSHH7Tu8CtH+1qM8SIZvnsTh6v+4yFy5KUY3BHUVwjpfAWsjIA==",
      "requires": {
        "argparse": "^1.0.7",
        "esprima": "^4.0.0"
      }
    },
    "jsonrequest": {
      "version": "3.2.1",
      "resolved": "https://registry.npmjs.org/jsonrequest/-/jsonrequest-3.2.1.tgz",
      "integrity": "sha1-RvxbyyrTjicDQvoPGBzQsWzQoZA=",
      "requires": {
        "tinyreq": "^2.0.0",
        "ul": "^5.0.0"
      }
    },
    "jxutils": {
      "version": "0.1.8",
      "resolved": "https://registry.npmjs.org/jxutils/-/jxutils-0.1.8.tgz",
      "integrity": "sha1-ujUZnz/o/8WNmX7Fs7HosIu1A6A="
    },
    "le-table": {
      "version": "4.0.0",
      "resolved": "https://registry.npmjs.org/le-table/-/le-table-4.0.0.tgz",
      "integrity": "sha1-O/63LSTL/Dd1LwFTn5AG1xHZvpM=",
      "requires": {
        "cli-box": "5.0.0",
        "overlap": "2.0.0",
        "ul": "5.0.0"
      },
      "dependencies": {
        "typpy": {
          "version": "2.0.0",
          "resolved": "https://registry.npmjs.org/typpy/-/typpy-2.0.0.tgz",
          "integrity": "sha1-re87rMEv9Hr/kg+rA6j/MnnXN9Y="
        },
        "ul": {
          "version": "5.0.0",
          "resolved": "https://registry.npmjs.org/ul/-/ul-5.0.0.tgz",
          "integrity": "sha1-yoDXkwJfP9Xcm/g0aYGNMQp8mmI=",
          "requires": {
            "deffy": "2.0.0",
            "typpy": "2.0.0"
          }
        }
      }
    },
    "lien": {
      "version": "0.0.12",
      "resolved": "https://registry.npmjs.org/lien/-/lien-0.0.12.tgz",
      "integrity": "sha1-XWwX367jdl4SXUNgZN9r7eki5oQ=",
      "requires": {
        "jxutils": "^0.1.8",
        "node-persist": "0.0.4",
        "statique": "^3.0.0"
      }
    },
    "mime": {
      "version": "1.4.1",
      "resolved": "https://registry.npmjs.org/mime/-/mime-1.4.1.tgz",
      "integrity": "sha512-KI1+qOZu5DcW6wayYHSzR/tXKCDC5Om4s1z2QJjDULzLcmf3DvzS7oluY4HCTrc+9FiKmWUgeNLg7W3uIQvxtQ=="
    },
    "minimist": {
      "version": "0.0.8",
      "resolved": "https://registry.npmjs.org/minimist/-/minimist-0.0.8.tgz",
      "integrity": "sha1-hX/Kv8M5fSYluCKCYuhqp6ARsF0="
    },
    "mkdirp": {
      "version": "0.3.5",
      "resolved": "https://registry.npmjs.org/mkdirp/-/mkdirp-0.3.5.tgz",
      "integrity": "sha1-3j5fiWHIjHh+4TaN+EmsRBPsqNc="
    },
    "months": {
      "version": "1.2.0",
      "resolved": "https://registry.npmjs.org/months/-/months-1.2.0.tgz",
      "integrity": "sha512-zFM7hUpziSYGk2DNObYGWgHdRRxAOgjl8CC1Rbl50p/q0rGDsREfk0nbxxmSIquVi/lEAuUY8nwbwkZ8biNCOQ=="
    },
    "ms": {
      "version": "2.0.0",
      "resolved": "https://registry.npmjs.org/ms/-/ms-2.0.0.tgz",
      "integrity": "sha1-VgiurfwAvmwpAd9fmGF4jeDVl8g="
    },
    "node-persist": {
      "version": "0.0.4",
      "resolved": "https://registry.npmjs.org/node-persist/-/node-persist-0.0.4.tgz",
      "integrity": "sha1-39NrFehusGSgYjUohLC5hwPtYuU=",
      "requires": {
        "mkdirp": "~0.3.5",
        "q": "~1.1.1"
      }
    },
    "noop6": {
      "version": "1.0.7",
      "resolved": "https://registry.npmjs.org/noop6/-/noop6-1.0.7.tgz",
      "integrity": "sha1-lnZ78gWLpZyoy5FVk0fdyAI5+o4="
    },
    "overlap": {
      "version": "2.0.0",
      "resolved": "https://registry.npmjs.org/overlap/-/overlap-2.0.0.tgz",
      "integrity": "sha1-sptrsq11acTmb67yjLXXQ2EXnLQ=",
      "requires": {
        "ansi-parser": "3.0.0",
        "cli-box": "5.0.0",
        "couleurs": "5.0.0"
      },
      "dependencies": {
        "ansi-parser": {
          "version": "3.0.0",
          "resolved": "https://registry.npmjs.org/ansi-parser/-/ansi-parser-3.0.0.tgz",
          "integrity": "sha1-lFwOcjLK9WdSFzdbPriJIAjBRik="
        },
        "couleurs": {
          "version": "5.0.0",
          "resolved": "https://registry.npmjs.org/couleurs/-/couleurs-5.0.0.tgz",
          "integrity": "sha1-HNOs5cyhvsAEFXiydGSyZ2OH9ts=",
          "requires": {
            "flat-colors": "3.0.0",
            "typpy": "2.0.0",
            "x256": "0.0.2"
          }
        },
        "typpy": {
          "version": "2.0.0",
          "resolved": "https://registry.npmjs.org/typpy/-/typpy-2.0.0.tgz",
          "integrity": "sha1-re87rMEv9Hr/kg+rA6j/MnnXN9Y="
        }
      }
    },
    "parse-it": {
      "version": "1.0.8",
      "resolved": "https://registry.npmjs.org/parse-it/-/parse-it-1.0.8.tgz",
      "integrity": "sha1-6aU73hjIBJ57tBW3PhbTKS346uc=",
      "requires": {
        "regex-escape": "^3.4.0"
      }
    },
    "q": {
      "version": "1.1.2",
      "resolved": "https://registry.npmjs.org/q/-/q-1.1.2.tgz",
      "integrity": "sha1-Y1fikSBnAdmfGXq4TlforRlvKok="
    },
    "regex-escape": {
      "version": "3.4.7",
      "resolved": "https://registry.npmjs.org/regex-escape/-/regex-escape-3.4.7.tgz",
      "integrity": "sha1-brLq6PBA1EkWzCCCC9y9QUmNlK0="
    },
    "regex-parser": {
      "version": "1.0.0",
      "resolved": "https://registry.npmjs.org/regex-parser/-/regex-parser-1.0.0.tgz",
      "integrity": "sha1-DPkmWod+2hOOJmRE79dQQp3njgc="
    },
    "sliced": {
      "version": "1.0.1",
      "resolved": "https://registry.npmjs.org/sliced/-/sliced-1.0.1.tgz",
      "integrity": "sha1-CzpmK10Ewxd7GSa+qCsD+Dei70E="
    },
    "sprintf-js": {
      "version": "1.0.3",
      "resolved": "https://registry.npmjs.org/sprintf-js/-/sprintf-js-1.0.3.tgz",
      "integrity": "sha1-BOaSb2YolTVPPdAVIDYzuFcpfiw="
    },
    "static-methods": {
      "version": "1.0.9",
      "resolved": "https://registry.npmjs.org/static-methods/-/static-methods-1.0.9.tgz",
      "integrity": "sha1-R0gcxeF9nZHEwv2y0Utxgf2nT0Y="
    },
    "statique": {
      "version": "3.3.0",
      "resolved": "https://registry.npmjs.org/statique/-/statique-3.3.0.tgz",
      "integrity": "sha512-Cfpt3rhfXBd0Ns26hM/YXiBU5Dm3Mj95aiElEiBYIGWOV23GdrRuVTnTHaj/Qi3C6WN/4gbxa4mhmxs+2KqwwA==",
      "requires": {
        "abs": "^1.0.0",
        "bug-killer": "^4.0.0",
        "clp": "^3.0.0",
        "mime": "^1.3.4",
        "regex-parser": "^1.0.0",
        "ul": "^5.0.0"
      }
    },
    "stream-consume": {
      "version": "0.1.0",
      "resolved": "https://registry.npmjs.org/stream-consume/-/stream-consume-0.1.0.tgz",
      "integrity": "sha1-pB6tGm1ggc63n2WwYZAbbY89HQ8="
    },
    "streamp": {
      "version": "2.2.8",
      "resolved": "https://registry.npmjs.org/streamp/-/streamp-2.2.8.tgz",
      "integrity": "sha1-b2+BRB0O3KSGQh1j5buRbZ7m3qM=",
      "requires": {
        "mkdirp": "^0.5.0",
        "ul": "^5.0.0"
      },
      "dependencies": {
        "mkdirp": {
          "version": "0.5.1",
          "resolved": "https://registry.npmjs.org/mkdirp/-/mkdirp-0.5.1.tgz",
          "integrity": "sha1-MAV0OOrGz3+MR2fzhkjWaX11yQM=",
          "requires": {
            "minimist": "0.0.8"
          }
        }
      }
    },
    "supports-color": {
      "version": "3.2.3",
      "resolved": "https://registry.npmjs.org/supports-color/-/supports-color-3.2.3.tgz",
      "integrity": "sha1-ZawFBLOVQXHYpklGsq48u4pfVPY=",
      "requires": {
        "has-flag": "^1.0.0"
      }
    },
    "tinyreq": {
      "version": "2.3.1",
      "resolved": "https://registry.npmjs.org/tinyreq/-/tinyreq-2.3.1.tgz",
      "integrity": "sha1-2C97ky1+bZ2+1A6KyIbeDLQHoyQ=",
      "requires": {
        "bug-killer": "^4.0.0",
        "clp": "^3.0.0",
        "ul": "^5.0.0"
      }
    },
    "typpy": {
      "version": "2.3.9",
      "resolved": "https://registry.npmjs.org/typpy/-/typpy-2.3.9.tgz",
      "integrity": "sha1-KGZP2l6nHdcYck+J0ABgrx8Jw44=",
      "requires": {
        "function.name": "^1.0.3"
      }
    },
    "ul": {
      "version": "5.2.13",
      "resolved": "https://registry.npmjs.org/ul/-/ul-5.2.13.tgz",
      "integrity": "sha1-n/BQTqNcofdMC/WeZIDe8Am617U=",
      "requires": {
        "deffy": "^2.2.2",
        "typpy": "^2.3.4"
      },
      "dependencies": {
        "deffy": {
          "version": "2.2.2",
          "resolved": "https://registry.npmjs.org/deffy/-/deffy-2.2.2.tgz",
          "integrity": "sha1-CI9AkTy0cHhlP6b2l8IG4DRx1SM=",
          "requires": {
            "typpy": "^2.0.0"
          }
        }
      }
    },
    "x256": {
      "version": "0.0.2",
      "resolved": "https://registry.npmjs.org/x256/-/x256-0.0.2.tgz",
      "integrity": "sha1-ya8Yh296F1gB1WT+cK2egxd4STQ="
    }
  }
}
